
Microsoft Visual Studio Solution File, Format Version 12.00
# Visual Studio Version 16
VisualStudioVersion = 16.0.29926.136
MinimumVisualStudioVersion = 10.0.40219.1
Project("{9A19103F-16F7-4668-BE54-9A1E7A4F7556}") = "Detetive.API", "Detetive.API\Detetive.API.csproj", "{DD4ED58F-EB36-4BF2-9352-5D21817DBDF7}"
EndProject
Project("{9A19103F-16F7-4668-BE54-9A1E7A4F7556}") = "Detetive.Business", "Detetive.Business\Detetive.Business.csproj", "{6C878740-46F3-49A9-A788-8E8C11619716}"
EndProject
Project("{9A19103F-16F7-4668-BE54-9A1E7A4F7556}") = "Detetive.Data", "Detetive.Data\Detetive.Data.csproj", "{79108164-8B42-48EB-BD77-4F4357C25968}"
EndProject
Project("{FAE04EC0-301F-11D3-BF4B-00C04F79EFBC}") = "Detetive.Injection", "Detetive.Injection\Detetive.Injection.csproj", "{173E008E-328B-4BAA-B3B8-781113B73453}"
EndProject
Global
	GlobalSection(SolutionConfigurationPlatforms) = preSolution
		Debug|Any CPU = Debug|Any CPU
		Release|Any CPU = Release|Any CPU
	EndGlobalSection
	GlobalSection(ProjectConfigurationPlatforms) = postSolution
		{DD4ED58F-EB36-4BF2-9352-5D21817DBDF7}.Debug|Any CPU.ActiveCfg = Debug|Any CPU
		{DD4ED58F-EB36-4BF2-9352-5D21817DBDF7}.Debug|Any CPU.Build.0 = Debug|Any CPU
		{DD4ED58F-EB36-4BF2-9352-5D21817DBDF7}.Release|Any CPU.ActiveCfg = Release|Any CPU
		{DD4ED58F-EB36-4BF2-9352-5D21817DBDF7}.Release|Any CPU.Build.0 = Release|Any CPU
		{6C878740-46F3-49A9-A788-8E8C11619716}.Debug|Any CPU.ActiveCfg = Debug|Any CPU
		{6C878740-46F3-49A9-A788-8E8C11619716}.Debug|Any CPU.Build.0 = Debug|Any CPU
		{6C878740-46F3-49A9-A788-8E8C11619716}.Release|Any CPU.ActiveCfg = Release|Any CPU
		{6C878740-46F3-49A9-A788-8E8C11619716}.Release|Any CPU.Build.0 = Release|Any CPU
		{79108164-8B42-48EB-BD77-4F4357C25968}.Debug|Any CPU.ActiveCfg = Debug|Any CPU
		{79108164-8B42-48EB-BD77-4F4357C25968}.Debug|Any CPU.Build.0 = Debug|Any CPU
		{79108164-8B42-48EB-BD77-4F4357C25968}.Release|Any CPU.ActiveCfg = Release|Any CPU
		{79108164-8B42-48EB-BD77-4F4357C25968}.Release|Any CPU.Build.0 = Release|Any CPU
		{173E008E-328B-4BAA-B3B8-781113B73453}.Debug|Any CPU.ActiveCfg = Debug|Any CPU
		{173E008E-328B-4BAA-B3B8-781113B73453}.Debug|Any CPU.Build.0 = Debug|Any CPU
		{173E008E-328B-4BAA-B3B8-781113B73453}.Release|Any CPU.ActiveCfg = Release|Any CPU
		{173E008E-328B-4BAA-B3B8-781113B73453}.Release|Any CPU.Build.0 = Release|Any CPU
	EndGlobalSection
	GlobalSection(SolutionProperties) = preSolution
		HideSolutionNode = FALSE
	EndGlobalSection
	GlobalSection(ExtensibilityGlobals) = postSolution
		SolutionGuid = {41B84178-5400-41AF-B5F5-BB510159959A}
	EndGlobalSection
EndGlobal
